
Microsoft Visual Studio Solution File, Format Version 12.00
# Visual Studio Version 17
VisualStudioVersion = 17.14.36623.8 d17.14
MinimumVisualStudioVersion = 10.0.40219.1
Project("{FAE04EC0-301F-11D3-BF4B-00C04F79EFBC}") = "AIAgentManagement", "AIAgentManagement.csproj", "{B1C332AC-42FA-EC3D-383A-15C747ACF691}"
EndProject
Global
	GlobalSection(SolutionConfigurationPlatforms) = preSolution
		Debug|Any CPU = Debug|Any CPU
		Release|Any CPU = Release|Any CPU
	EndGlobalSection
	GlobalSection(ProjectConfigurationPlatforms) = postSolution
		{B1C332AC-42FA-EC3D-383A-15C747ACF691}.Debug|Any CPU.ActiveCfg = Debug|Any CPU
		{B1C332AC-42FA-EC3D-383A-15C747ACF691}.Debug|Any CPU.Build.0 = Debug|Any CPU
		{B1C332AC-42FA-EC3D-383A-15C747ACF691}.Release|Any CPU.ActiveCfg = Release|Any CPU
		{B1C332AC-42FA-EC3D-383A-15C747ACF691}.Release|Any CPU.Build.0 = Release|Any CPU
	EndGlobalSection
	GlobalSection(SolutionProperties) = preSolution
		HideSolutionNode = FALSE
	EndGlobalSection
	GlobalSection(ExtensibilityGlobals) = postSolution
		SolutionGuid = {26AA2AF9-1B4C-430F-9C47-EF6BAB6A49CB}
	EndGlobalSection
EndGlobal
